// !$*UTF8*$!
{
	archiveVersion = 1;
	classes = {
	};
	objectVersion = 46;
	objects = {

/* Begin PBXBuildFile section */
		2A10B8551D71A972000F1178 /* AppDelegate.swift in Sources */ = {isa = PBXBuildFile; fileRef = 2A10B8541D71A972000F1178 /* AppDelegate.swift */; };
		2A10B8571D71A972000F1178 /* ViewController.swift in Sources */ = {isa = PBXBuildFile; fileRef = 2A10B8561D71A972000F1178 /* ViewController.swift */; };
		2A10B85A1D71A972000F1178 /* Main.storyboard in Resources */ = {isa = PBXBuildFile; fileRef = 2A10B8581D71A972000F1178 /* Main.storyboard */; };
		2A10B85C1D71A972000F1178 /* Assets.xcassets in Resources */ = {isa = PBXBuildFile; fileRef = 2A10B85B1D71A972000F1178 /* Assets.xcassets */; };
		2A10B85F1D71A972000F1178 /* LaunchScreen.storyboard in Resources */ = {isa = PBXBuildFile; fileRef = 2A10B85D1D71A972000F1178 /* LaunchScreen.storyboard */; };
		2A10B86A1D71A972000F1178 /* ExampleTests.swift in Sources */ = {isa = PBXBuildFile; fileRef = 2A10B8691D71A972000F1178 /* ExampleTests.swift */; };
		2A10B8751D71A972000F1178 /* ExampleUITests.swift in Sources */ = {isa = PBXBuildFile; fileRef = 2A10B8741D71A972000F1178 /* ExampleUITests.swift */; };
/* End PBXBuildFile section */

/* Begin PBXContainerItemProxy section */
		2A10B8661D71A972000F1178 /* PBXContainerItemProxy */ = {
			isa = PBXContainerItemProxy;
			containerPortal = 2A10B8491D71A972000F1178 /* Project object */;
			proxyType = 1;
			remoteGlobalIDString = 2A10B8501D71A972000F1178;
			remoteInfo = Example;
		};
		2A10B8711D71A972000F1178 /* PBXContainerItemProxy */ = {
			isa = PBXContainerItemProxy;
			containerPortal = 2A10B8491D71A972000F1178 /* Project object */;
			proxyType = 1;
			remoteGlobalIDString = 2A10B8501D71A972000F1178;
			remoteInfo = Example;
		};
/* End PBXContainerItemProxy section */

/* Begin PBXFileReference section */
		2A10B8511D71A972000F1178 /* Example.app */ = {isa = PBXFileReference; explicitFileType = wrapper.application; includeInIndex = 0; path = Example.app; sourceTree = BUILT_PRODUCTS_DIR; };
		2A10B8541D71A972000F1178 /* AppDelegate.swift */ = {isa = PBXFileReference; lastKnownFileType = sourcecode.swift; path = AppDelegate.swift; sourceTree = "<group>"; };
		2A10B8561D71A972000F1178 /* ViewController.swift */ = {isa = PBXFileReference; lastKnownFileType = sourcecode.swift; path = ViewController.swift; sourceTree = "<group>"; };
		2A10B8591D71A972000F1178 /* Base */ = {isa = PBXFileReference; lastKnownFileType = file.storyboard; name = Base; path = Base.lproj/Main.storyboard; sourceTree = "<group>"; };
		2A10B85B1D71A972000F1178 /* Assets.xcassets */ = {isa = PBXFileReference; lastKnownFileType = folder.assetcatalog; path = Assets.xcassets; sourceTree = "<group>"; };
		2A10B85E1D71A972000F1178 /* Base */ = {isa = PBXFileReference; lastKnownFileType = file.storyboard; name = Base; path = Base.lproj/LaunchScreen.storyboard; sourceTree = "<group>"; };
		2A10B8601D71A972000F1178 /* Info.plist */ = {isa = PBXFileReference; lastKnownFileType = text.plist.xml; path = Info.plist; sourceTree = "<group>"; };
		2A10B8651D71A972000F1178 /* ExampleTests.xctest */ = {isa = PBXFileReference; explicitFileType = wrapper.cfbundle; includeInIndex = 0; path = ExampleTests.xctest; sourceTree = BUILT_PRODUCTS_DIR; };
		2A10B8691D71A972000F1178 /* ExampleTests.swift */ = {isa = PBXFileReference; lastKnownFileType = sourcecode.swift; path = ExampleTests.swift; sourceTree = "<group>"; };
		2A10B86B1D71A972000F1178 /* Info.plist */ = {isa = PBXFileReference; lastKnownFileType = text.plist.xml; path = Info.plist; sourceTree = "<group>"; };
		2A10B8701D71A972000F1178 /* ExampleUITests.xctest */ = {isa = PBXFileReference; explicitFileType = wrapper.cfbundle; includeInIndex = 0; path = ExampleUITests.xctest; sourceTree = BUILT_PRODUCTS_DIR; };
		2A10B8741D71A972000F1178 /* ExampleUITests.swift */ = {isa = PBXFileReference; lastKnownFileType = sourcecode.swift; path = ExampleUITests.swift; sourceTree = "<group>"; };
		2A10B8761D71A972000F1178 /* Info.plist */ = {isa = PBXFileReference; lastKnownFileType = text.plist.xml; path = Info.plist; sourceTree = "<group>"; };
/* End PBXFileReference section */

/* Begin PBXFrameworksBuildPhase section */
		2A10B84E1D71A972000F1178 /* Frameworks */ = {
			isa = PBXFrameworksBuildPhase;
			buildActionMask = 2147483647;
			files = (
			);
			runOnlyForDeploymentPostprocessing = 0;
		};
		2A10B8621D71A972000F1178 /* Frameworks */ = {
			isa = PBXFrameworksBuildPhase;
			buildActionMask = 2147483647;
			files = (
			);
			runOnlyForDeploymentPostprocessing = 0;
		};
		2A10B86D1D71A972000F1178 /* Frameworks */ = {
			isa = PBXFrameworksBuildPhase;
			buildActionMask = 2147483647;
			files = (
			);
			runOnlyForDeploymentPostprocessing = 0;
		};
/* End PBXFrameworksBuildPhase section */

/* Begin PBXGroup section */
		2A10B8481D71A972000F1178 = {
			isa = PBXGroup;
			children = (
				2A10B8531D71A972000F1178 /* Example */,
				2A10B8681D71A972000F1178 /* ExampleTests */,
				2A10B8731D71A972000F1178 /* ExampleUITests */,
				2A10B8521D71A972000F1178 /* Products */,
			);
			sourceTree = "<group>";
		};
		2A10B8521D71A972000F1178 /* Products */ = {
			isa = PBXGroup;
			children = (
				2A10B8511D71A972000F1178 /* Example.app */,
				2A10B8651D71A972000F1178 /* ExampleTests.xctest */,
				2A10B8701D71A972000F1178 /* ExampleUITests.xctest */,
			);
			name = Products;
			sourceTree = "<group>";
		};
		2A10B8531D71A972000F1178 /* Example */ = {
			isa = PBXGroup;
			children = (
				2A10B8541D71A972000F1178 /* AppDelegate.swift */,
				2A10B8561D71A972000F1178 /* ViewController.swift */,
				2A10B8581D71A972000F1178 /* Main.storyboard */,
				2A10B85B1D71A972000F1178 /* Assets.xcassets */,
				2A10B85D1D71A972000F1178 /* LaunchScreen.storyboard */,
				2A10B8601D71A972000F1178 /* Info.plist */,
			);
			path = Example;
			sourceTree = "<group>";
		};
		2A10B8681D71A972000F1178 /* ExampleTests */ = {
			isa = PBXGroup;
			children = (
				2A10B8691D71A972000F1178 /* ExampleTests.swift */,
				2A10B86B1D71A972000F1178 /* Info.plist */,
			);
			path = ExampleTests;
			sourceTree = "<group>";
		};
		2A10B8731D71A972000F1178 /* ExampleUITests */ = {
			isa = PBXGroup;
			children = (
				2A10B8741D71A972000F1178 /* ExampleUITests.swift */,
				2A10B8761D71A972000F1178 /* Info.plist */,
			);
			path = ExampleUITests;
			sourceTree = "<group>";
		};
/* End PBXGroup section */

/* Begin PBXNativeTarget section */
		2A10B8501D71A972000F1178 /* Example */ = {
			isa = PBXNativeTarget;
			buildConfigurationList = 2A10B8791D71A972000F1178 /* Build configuration list for PBXNativeTarget "Example" */;
			buildPhases = (
				2A10B84D1D71A972000F1178 /* Sources */,
				2A10B84E1D71A972000F1178 /* Frameworks */,
				2A10B84F1D71A972000F1178 /* Resources */,
			);
			buildRules = (
			);
			dependencies = (
			);
			name = Example;
			productName = Example;
			productReference = 2A10B8511D71A972000F1178 /* Example.app */;
			productType = "com.apple.product-type.application";
		};
		2A10B8641D71A972000F1178 /* ExampleTests */ = {
			isa = PBXNativeTarget;
			buildConfigurationList = 2A10B87C1D71A972000F1178 /* Build configuration list for PBXNativeTarget "ExampleTests" */;
			buildPhases = (
				2A10B8611D71A972000F1178 /* Sources */,
				2A10B8621D71A972000F1178 /* Frameworks */,
				2A10B8631D71A972000F1178 /* Resources */,
			);
			buildRules = (
			);
			dependencies = (
				2A10B8671D71A972000F1178 /* PBXTargetDependency */,
			);
			name = ExampleTests;
			productName = ExampleTests;
			productReference = 2A10B8651D71A972000F1178 /* ExampleTests.xctest */;
			productType = "com.apple.product-type.bundle.unit-test";
		};
		2A10B86F1D71A972000F1178 /* ExampleUITests */ = {
			isa = PBXNativeTarget;
			buildConfigurationList = 2A10B87F1D71A972000F1178 /* Build configuration list for PBXNativeTarget "ExampleUITests" */;
			buildPhases = (
				2A10B86C1D71A972000F1178 /* Sources */,
				2A10B86D1D71A972000F1178 /* Frameworks */,
				2A10B86E1D71A972000F1178 /* Resources */,
			);
			buildRules = (
			);
			dependencies = (
				2A10B8721D71A972000F1178 /* PBXTargetDependency */,
			);
			name = ExampleUITests;
			productName = ExampleUITests;
			productReference = 2A10B8701D71A972000F1178 /* ExampleUITests.xctest */;
			productType = "com.apple.product-type.bundle.ui-testing";
		};
/* End PBXNativeTarget section */

/* Begin PBXProject section */
		2A10B8491D71A972000F1178 /* Project object */ = {
			isa = PBXProject;
			attributes = {
				LastSwiftUpdateCheck = 0730;
				LastUpgradeCheck = 0730;
				ORGANIZATIONNAME = yuzushioh;
				TargetAttributes = {
					2A10B8501D71A972000F1178 = {
						CreatedOnToolsVersion = 7.3.1;
					};
					2A10B8641D71A972000F1178 = {
						CreatedOnToolsVersion = 7.3.1;
						TestTargetID = 2A10B8501D71A972000F1178;
					};
					2A10B86F1D71A972000F1178 = {
						CreatedOnToolsVersion = 7.3.1;
						TestTargetID = 2A10B8501D71A972000F1178;
					};
				};
			};
			buildConfigurationList = 2A10B84C1D71A972000F1178 /* Build configuration list for PBXProject "Example" */;
			compatibilityVersion = "Xcode 3.2";
			developmentRegion = English;
			hasScannedForEncodings = 0;
			knownRegions = (
				en,
				Base,
			);
			mainGroup = 2A10B8481D71A972000F1178;
			productRefGroup = 2A10B8521D71A972000F1178 /* Products */;
			projectDirPath = "";
			projectRoot = "";
			targets = (
				2A10B8501D71A972000F1178 /* Example */,
				2A10B8641D71A972000F1178 /* ExampleTests */,
				2A10B86F1D71A972000F1178 /* ExampleUITests */,
			);
		};
/* End PBXProject section */

/* Begin PBXResourcesBuildPhase section */
		2A10B84F1D71A972000F1178 /* Resources */ = {
			isa = PBXResourcesBuildPhase;
			buildActionMask = 2147483647;
			files = (
				2A10B85F1D71A972000F1178 /* LaunchScreen.storyboard in Resources */,
				2A10B85C1D71A972000F1178 /* Assets.xcassets in Resources */,
				2A10B85A1D71A972000F1178 /* Main.storyboard in Resources */,
			);
			runOnlyForDeploymentPostprocessing = 0;
		};
		2A10B8631D71A972000F1178 /* Resources */ = {
			isa = PBXResourcesBuildPhase;
			buildActionMask = 2147483647;
			files = (
			);
			runOnlyForDeploymentPostprocessing = 0;
		};
		2A10B86E1D71A972000F1178 /* Resources */ = {
			isa = PBXResourcesBuildPhase;
			buildActionMask = 2147483647;
			files = (
			);
			runOnlyForDeploymentPostprocessing = 0;
		};
/* End PBXResourcesBuildPhase section */

/* Begin PBXSourcesBuildPhase section */
		2A10B84D1D71A972000F1178 /* Sources */ = {
			isa = PBXSourcesBuildPhase;
			buildActionMask = 2147483647;
			files = (
				2A10B8571D71A972000F1178 /* ViewController.swift in Sources */,
				2A10B8551D71A972000F1178 /* AppDelegate.swift in Sources */,
			);
			runOnlyForDeploymentPostprocessing = 0;
		};
		2A10B8611D71A972000F1178 /* Sources */ = {
			isa = PBXSourcesBuildPhase;
			buildActionMask = 2147483647;
			files = (
				2A10B86A1D71A972000F1178 /* ExampleTests.swift in Sources */,
			);
			runOnlyForDeploymentPostprocessing = 0;
		};
		2A10B86C1D71A972000F1178 /* Sources */ = {
			isa = PBXSourcesBuildPhase;
			buildActionMask = 2147483647;
			files = (
				2A10B8751D71A972000F1178 /* ExampleUITests.swift in Sources */,
			);
			runOnlyForDeploymentPostprocessing = 0;
		};
/* End PBXSourcesBuildPhase section */

/* Begin PBXTargetDependency section */
		2A10B8671D71A972000F1178 /* PBXTargetDependency */ = {
			isa = PBXTargetDependency;
			target = 2A10B8501D71A972000F1178 /* Example */;
			targetProxy = 2A10B8661D71A972000F1178 /* PBXContainerItemProxy */;
		};
		2A10B8721D71A972000F1178 /* PBXTargetDependency */ = {
			isa = PBXTargetDependency;
			target = 2A10B8501D71A972000F1178 /* Example */;
			targetProxy = 2A10B8711D71A972000F1178 /* PBXContainerItemProxy */;
		};
/* End PBXTargetDependency section */

/* Begin PBXVariantGroup section */
		2A10B8581D71A972000F1178 /* Main.storyboard */ = {
			isa = PBXVariantGroup;
			children = (
				2A10B8591D71A972000F1178 /* Base */,
			);
			name = Main.storyboard;
			sourceTree = "<group>";
		};
		2A10B85D1D71A972000F1178 /* LaunchScreen.storyboard */ = {
			isa = PBXVariantGroup;
			children = (
				2A10B85E1D71A972000F1178 /* Base */,
			);
			name = LaunchScreen.storyboard;
			sourceTree = "<group>";
		};
/* End PBXVariantGroup section */

/* Begin XCBuildConfiguration section */
		2A10B8771D71A972000F1178 /* Debug */ = {
			isa = XCBuildConfiguration;
			buildSettings = {
				ALWAYS_SEARCH_USER_PATHS = NO;
				CLANG_ANALYZER_NONNULL = YES;
				CLANG_CXX_LANGUAGE_STANDARD = "gnu++0x";
				CLANG_CXX_LIBRARY = "libc++";
				CLANG_ENABLE_MODULES = YES;
				CLANG_ENABLE_OBJC_ARC = YES;
				CLANG_WARN_BOOL_CONVERSION = YES;
				CLANG_WARN_CONSTANT_CONVERSION = YES;
				CLANG_WARN_DIRECT_OBJC_ISA_USAGE = YES_ERROR;
				CLANG_WARN_EMPTY_BODY = YES;
				CLANG_WARN_ENUM_CONVERSION = YES;
				CLANG_WARN_INT_CONVERSION = YES;
				CLANG_WARN_OBJC_ROOT_CLASS = YES_ERROR;
				CLANG_WARN_UNREACHABLE_CODE = YES;
				CLANG_WARN__DUPLICATE_METHOD_MATCH = YES;
				"CODE_SIGN_IDENTITY[sdk=iphoneos*]" = "iPhone Developer";
				COPY_PHASE_STRIP = NO;
				DEBUG_INFORMATION_FORMAT = dwarf;
				ENABLE_STRICT_OBJC_MSGSEND = YES;
				ENABLE_TESTABILITY = YES;
				GCC_C_LANGUAGE_STANDARD = gnu99;
				GCC_DYNAMIC_NO_PIC = NO;
				GCC_NO_COMMON_BLOCKS = YES;
				GCC_OPTIMIZATION_LEVEL = 0;
				GCC_PREPROCESSOR_DEFINITIONS = (
					"DEBUG=1",
					"$(inherited)",
				);
				GCC_WARN_64_TO_32_BIT_CONVERSION = YES;
				GCC_WARN_ABOUT_RETURN_TYPE = YES_ERROR;
				GCC_WARN_UNDECLARED_SELECTOR = YES;
				GCC_WARN_UNINITIALIZED_AUTOS = YES_AGGRESSIVE;
				GCC_WARN_UNUSED_FUNCTION = YES;
				GCC_WARN_UNUSED_VARIABLE = YES;
				IPHONEOS_DEPLOYMENT_TARGET = 9.3;
				MTL_ENABLE_DEBUG_INFO = YES;
				ONLY_ACTIVE_ARCH = YES;
				SDKROOT = iphoneos;
				SWIFT_OPTIMIZATION_LEVEL = "-Onone";
			};
			name = Debug;
		};
		2A10B8781D71A972000F1178 /* Release */ = {
			isa = XCBuildConfiguration;
			buildSettings = {
				ALWAYS_SEARCH_USER_PATHS = NO;
				CLANG_ANALYZER_NONNULL = YES;
				CLANG_CXX_LANGUAGE_STANDARD = "gnu++0x";
				CLANG_CXX_LIBRARY = "libc++";
				CLANG_ENABLE_MODULES = YES;
				CLANG_ENABLE_OBJC_ARC = YES;
				CLANG_WARN_BOOL_CONVERSION = YES;
				CLANG_WARN_CONSTANT_CONVERSION = YES;
				CLANG_WARN_DIRECT_OBJC_ISA_USAGE = YES_ERROR;
				CLANG_WARN_EMPTY_BODY = YES;
				CLANG_WARN_ENUM_CONVERSION = YES;
				CLANG_WARN_INT_CONVERSION = YES;
				CLANG_WARN_OBJC_ROOT_CLASS = YES_ERROR;
				CLANG_WARN_UNREACHABLE_CODE = YES;
				CLANG_WARN__DUPLICATE_METHOD_MATCH = YES;
				"CODE_SIGN_IDENTITY[sdk=iphoneos*]" = "iPhone Developer";
				COPY_PHASE_STRIP = NO;
				DEBUG_INFORMATION_FORMAT = "dwarf-with-dsym";
				ENABLE_NS_ASSERTIONS = NO;
				ENABLE_STRICT_OBJC_MSGSEND = YES;
				GCC_C_LANGUAGE_STANDARD = gnu99;
				GCC_NO_COMMON_BLOCKS = YES;
				GCC_WARN_64_TO_32_BIT_CONVERSION = YES;
				GCC_WARN_ABOUT_RETURN_TYPE = YES_ERROR;
				GCC_WARN_UNDECLARED_SELECTOR = YES;
				GCC_WARN_UNINITIALIZED_AUTOS = YES_AGGRESSIVE;
				GCC_WARN_UNUSED_FUNCTION = YES;
				GCC_WARN_UNUSED_VARIABLE = YES;
				IPHONEOS_DEPLOYMENT_TARGET = 9.3;
				MTL_ENABLE_DEBUG_INFO = NO;
				SDKROOT = iphoneos;
				VALIDATE_PRODUCT = YES;
			};
			name = Release;
		};
		2A10B87A1D71A972000F1178 /* Debug */ = {
			isa = XCBuildConfiguration;
			buildSettings = {
				ASSETCATALOG_COMPILER_APPICON_NAME = AppIcon;
				INFOPLIST_FILE = Example/Info.plist;
				LD_RUNPATH_SEARCH_PATHS = "$(inherited) @executable_path/Frameworks";
				PRODUCT_BUNDLE_IDENTIFIER = yuzushioh.Example;
				PRODUCT_NAME = "$(TARGET_NAME)";
			};
			name = Debug;
		};
		2A10B87B1D71A972000F1178 /* Release */ = {
			isa = XCBuildConfiguration;
			buildSettings = {
				ASSETCATALOG_COMPILER_APPICON_NAME = AppIcon;
				INFOPLIST_FILE = Example/Info.plist;
				LD_RUNPATH_SEARCH_PATHS = "$(inherited) @executable_path/Frameworks";
				PRODUCT_BUNDLE_IDENTIFIER = yuzushioh.Example;
				PRODUCT_NAME = "$(TARGET_NAME)";
			};
			name = Release;
		};
		2A10B87D1D71A972000F1178 /* Debug */ = {
			isa = XCBuildConfiguration;
			buildSettings = {
				BUNDLE_LOADER = "$(TEST_HOST)";
				INFOPLIST_FILE = ExampleTests/Info.plist;
				LD_RUNPATH_SEARCH_PATHS = "$(inherited) @executable_path/Frameworks @loader_path/Frameworks";
				PRODUCT_BUNDLE_IDENTIFIER = yuzushioh.ExampleTests;
				PRODUCT_NAME = "$(TARGET_NAME)";
				TEST_HOST = "$(BUILT_PRODUCTS_DIR)/Example.app/Example";
			};
			name = Debug;
		};
		2A10B87E1D71A972000F1178 /* Release */ = {
			isa = XCBuildConfiguration;
			buildSettings = {
				BUNDLE_LOADER = "$(TEST_HOST)";
				INFOPLIST_FILE = ExampleTests/Info.plist;
				LD_RUNPATH_SEARCH_PATHS = "$(inherited) @executable_path/Frameworks @loader_path/Frameworks";
				PRODUCT_BUNDLE_IDENTIFIER = yuzushioh.ExampleTests;
				PRODUCT_NAME = "$(TARGET_NAME)";
				TEST_HOST = "$(BUILT_PRODUCTS_DIR)/Example.app/Example";
			};
			name = Release;
		};
		2A10B8801D71A972000F1178 /* Debug */ = {
			isa = XCBuildConfiguration;
			buildSettings = {
				INFOPLIST_FILE = ExampleUITests/Info.plist;
				LD_RUNPATH_SEARCH_PATHS = "$(inherited) @executable_path/Frameworks @loader_path/Frameworks";
				PRODUCT_BUNDLE_IDENTIFIER = yuzushioh.ExampleUITests;
				PRODUCT_NAME = "$(TARGET_NAME)";
				TEST_TARGET_NAME = Example;
			};
			name = Debug;
		};
		2A10B8811D71A972000F1178 /* Release */ = {
			isa = XCBuildConfiguration;
			buildSettings = {
				INFOPLIST_FILE = ExampleUITests/Info.plist;
				LD_RUNPATH_SEARCH_PATHS = "$(inherited) @executable_path/Frameworks @loader_path/Frameworks";
				PRODUCT_BUNDLE_IDENTIFIER = yuzushioh.ExampleUITests;
				PRODUCT_NAME = "$(TARGET_NAME)";
				TEST_TARGET_NAME = Example;
			};
			name = Release;
		};
/* End XCBuildConfiguration section */

/* Begin XCConfigurationList section */
		2A10B84C1D71A972000F1178 /* Build configuration list for PBXProject "Example" */ = {
			isa = XCConfigurationList;
			buildConfigurations = (
				2A10B8771D71A972000F1178 /* Debug */,
				2A10B8781D71A972000F1178 /* Release */,
			);
			defaultConfigurationIsVisible = 0;
			defaultConfigurationName = Release;
		};
		2A10B8791D71A972000F1178 /* Build configuration list for PBXNativeTarget "Example" */ = {
			isa = XCConfigurationList;
			buildConfigurations = (
				2A10B87A1D71A972000F1178 /* Debug */,
				2A10B87B1D71A972000F1178 /* Release */,
			);
			defaultConfigurationIsVisible = 0;
		};
		2A10B87C1D71A972000F1178 /* Build configuration list for PBXNativeTarget "ExampleTests" */ = {
			isa = XCConfigurationList;
			buildConfigurations = (
				2A10B87D1D71A972000F1178 /* Debug */,
				2A10B87E1D71A972000F1178 /* Release */,
			);
			defaultConfigurationIsVisible = 0;
		};
		2A10B87F1D71A972000F1178 /* Build configuration list for PBXNativeTarget "ExampleUITests" */ = {
			isa = XCConfigurationList;
			buildConfigurations = (
				2A10B8801D71A972000F1178 /* Debug */,
				2A10B8811D71A972000F1178 /* Release */,
			);
			defaultConfigurationIsVisible = 0;
		};
/* End XCConfigurationList section */
	};
	rootObject = 2A10B8491D71A972000F1178 /* Project object */;
}
